
Microsoft Visual Studio Solution File, Format Version 12.00
# Visual Studio Version 17
VisualStudioVersion = 17.6.33815.320
MinimumVisualStudioVersion = 10.0.40219.1
Project("{9A19103F-16F7-4668-BE54-9A1E7A4F7556}") = "CSharpInvokingMethodsDynamically.Core", "CSharpInvokingMethodsDynamically.Core\CSharpInvokingMethodsDynamically.Core.csproj", "{4C75EFC9-CB9F-45AF-811C-E26989D8C3D7}"
EndProject
Project("{9A19103F-16F7-4668-BE54-9A1E7A4F7556}") = "CSharpInvokingMethodsDynamically.ClientConsole", "CSharpInvokingMethodsDynamically.ClientConsole\CSharpInvokingMethodsDynamically.ClientConsole.csproj", "{CD9238A8-3CE6-4C75-8261-4945D23C36EE}"
EndProject
Project("{FAE04EC0-301F-11D3-BF4B-00C04F79EFBC}") = "ClientMauiApp", "ClientMauiApp\ClientMauiApp.csproj", "{5E7E36BD-27F7-424D-A579-73F967882791}"
EndProject
Global
	GlobalSection(SolutionConfigurationPlatforms) = preSolution
		Debug|Any CPU = Debug|Any CPU
		Release|Any CPU = Release|Any CPU
	EndGlobalSection
	GlobalSection(ProjectConfigurationPlatforms) = postSolution
		{4C75EFC9-CB9F-45AF-811C-E26989D8C3D7}.Debug|Any CPU.ActiveCfg = Debug|Any CPU
		{4C75EFC9-CB9F-45AF-811C-E26989D8C3D7}.Debug|Any CPU.Build.0 = Debug|Any CPU
		{4C75EFC9-CB9F-45AF-811C-E26989D8C3D7}.Release|Any CPU.ActiveCfg = Release|Any CPU
		{4C75EFC9-CB9F-45AF-811C-E26989D8C3D7}.Release|Any CPU.Build.0 = Release|Any CPU
		{CD9238A8-3CE6-4C75-8261-4945D23C36EE}.Debug|Any CPU.ActiveCfg = Debug|Any CPU
		{CD9238A8-3CE6-4C75-8261-4945D23C36EE}.Debug|Any CPU.Build.0 = Debug|Any CPU
		{CD9238A8-3CE6-4C75-8261-4945D23C36EE}.Release|Any CPU.ActiveCfg = Release|Any CPU
		{CD9238A8-3CE6-4C75-8261-4945D23C36EE}.Release|Any CPU.Build.0 = Release|Any CPU
		{5E7E36BD-27F7-424D-A579-73F967882791}.Debug|Any CPU.ActiveCfg = Debug|Any CPU
		{5E7E36BD-27F7-424D-A579-73F967882791}.Debug|Any CPU.Build.0 = Debug|Any CPU
		{5E7E36BD-27F7-424D-A579-73F967882791}.Debug|Any CPU.Deploy.0 = Debug|Any CPU
		{5E7E36BD-27F7-424D-A579-73F967882791}.Release|Any CPU.ActiveCfg = Release|Any CPU
		{5E7E36BD-27F7-424D-A579-73F967882791}.Release|Any CPU.Build.0 = Release|Any CPU
		{5E7E36BD-27F7-424D-A579-73F967882791}.Release|Any CPU.Deploy.0 = Release|Any CPU
	EndGlobalSection
	GlobalSection(SolutionProperties) = preSolution
		HideSolutionNode = FALSE
	EndGlobalSection
	GlobalSection(ExtensibilityGlobals) = postSolution
		SolutionGuid = {7E3851FC-E5BD-4378-9ED7-5652B7E5705F}
	EndGlobalSection
EndGlobal
